#Yaml.inductives

@MemoryRegister
.dependabot["trial/error"][

frequency.def(){
--mkdir calculations.md
os_shift  = change_to["IOS",'Windows','Linux']

IOS.options = change_log[->crowd_fund]{"Title + Price: wallet?"} 
sustenance = 0
}
ground_clearance
						{
					int input: {crowd_val: "
								if(people_in_room>2)
										count(sustenance)+
											"}
						deliberate_file: scroll.more():
						grokk_truncation : cloak_variable;
						AI's_numbered: int(input("No : of Literal_affluneces"))
						consonant_ numbered = 'B'?1|0
						#Total_number of influencers acquited a change in your life.
						.count-sustenance-Dr.doc/-preview
						.set-intervals-[io/grade/PGA] 

						change-log["on-arrival","self-depictions"] || if AI's_numbered = token++{

																use-count-sustenance.reviews{current_chat}
																OPTIONS "DELETE_CURRENT_CHAT" , "KEEP_CURRENT_CHAT"
																SECTION:USAGE{[TS.<MD_REVIEW>]}
																MD_CLASH : CX-QUOTIENT
																QUOTIENT-DIVISION : SEPARTE {IN 0 : <DIRECT-C/CLASH/COMMON2>}
																
																
						
						}@ChatBot:UI:Integration(){
								prompt = Input{[TEXT_AREA]}
								spaces= (.,"""."---")
                self.carraige{by_passate: substances_carriage[package-manager.deliverer]}
								self_structures. common<Error_log: <recollect_depictios: corrections:  <phospphate: inductions>,<Freshers Dear>>>
								c.common: Elf-Tribute => () : ["Dobby-socks-New-master"]\
								Harry: <Pier.-e-rated: coomon{[pi-R.Review.sp[aces{confusion,"Peak-root",Nodes_formulant,Nodes_gauge, Nodes_tether}]}>
								93/4: <Pillar: station: <Policy_inspection>>
						}
						}

		@seperate_phases: Di_coagulation : speculate
		@separte_interventions: <user_manual: directorate>
		@spaces_given : <Seperate:state["Specular-Seperate-modules"]>
    @Siphons_indicate: <Motion:driven> -> "paraphrases" : "maximum-surfaces" : "Spaces-driven"
		@Mass_depictions : <caution:state> [Jp-spring[TR.],[Uk],[US],[tethered_audio],[audio_frequency],[Frequency-Hertz],[Hertz-Distance],[Hertz-Seperation]]
		@Entity_Quotient : place-pool {[tether:$ : Svr-common : Common-Ds[State_UI],[UI_chrome],[Console_ps]]}
    
