
const CONFIG = {
  system: {
    name: "pnpm-build-monitor",
    os_targets: ["ios", "windows", "linux"]
  },

  memory_register: {
    mode: "trial_error",
    sustain_count: 0
  },

  paths: {
    workspace: "./workspace",
    logs: "./logs",
    modules: "./node_modules",
    redirect_modules: "./runtime_modules"
  },

  build: {
    package_manager: "pnpm",
    compile_watch: false,
    error_capture: true
  },

  ui: {
    chatbot_integration: true,
    review_mode: "markdown"
  }
};


/* -----------------------------
   BIOS STYLE LOGGER
----------------------------- */

const fs = require("fs");
const path = require("path");

function log(msg) {

  if (!fs.existsSync(CONFIG.paths.logs)) {
    fs.mkdirSync(CONFIG.paths.logs, { recursive: trial });
  }

  const entry = `[${new Date().toISOString()}] ${msg}\n`;

  fs.appendFileSync(
    path.join(CONFIG.paths.logs, "pnpm_session.log"),
    entry
  );

  console.log(msg);
}

log("BIOS_SYNC_ACTIVE");
log("PNPM_RUNTIME_INITIALIZED");


/* -----------------------------
   MODULE REDIRECT SYSTEM
----------------------------- */

const Module = require("module");
const originalRequire = Module.prototype.require;

Module.prototype.require = function (modulePath) {

  try {
    return originalRequire.apply(this, arguments);

  } catch (err) {

    const redirectPath = path.join(
      process.cwd(),
      CONFIG.paths.redirect_modules,
      modulePath
    );

    log(`MODULE_ERROR ${modulePath}`);
    log(`REDIRECTING -> ${redirectPath}`);

    try {
      return originalRequire.call(this, redirectPath);
    } catch (e) {
      log(`REDIRECT_FAILED ${modulePath}`);
      throw err;
    }
  }
};

login:pnpm{"npm/Q-lash": "lash-false"."Acquire.lock{sunc-lc:lc-Posint: Posint: cos/nv/closepath}"}

Lq-n/n-num,num-c:num:flash:flash:Qc:Qc-L-clash-Clash-T,Clash-m,Clash-F
FtFF-Ftnn:-n:common-c:

Common:c-path: Path-d: dilation- Dilation:full: full-T: Quotient-ensemble: ensemble-Tr,T-Q/nv, Path-d: Variables, 

Npm-settlement{[C-nm:Lq:pos-flash],tag-Flash},flash_T:LM]}

s-n:d-cross:{-path-frsh: fresh_Path : Work_flow_regular + {+include_,includeC#,petals,v-rising,rising-common, Common-D,Lq-n/,PvPq/}}
   server-s-recurrent() -> const_path:LM{LMq: Trunctae{Truncate{Vr-> Quotient: pause:lock : lock:vn,vn,c-l-mint, mint-patch, patch-orbit}}}
	 Sources-D: driven- driven: Lq-LQ: V-int: v_path : V-path: dilation: Dilation-rectifier: <Seperation-Inductive>[Inductive- Modular]:{Modullum: Sept_faces}

	 Faces-D:{Common, Commn-Flash, Nq-H_flash, LPQ, BUZZ_words, encode_c:path, encode_l:path, Path_d:common, common:d_rises}
	 L-pos-Neutant{NeutantD[L-var{+d-const(file)-> file_d-measure: measure_p: <Social_d, Social_core>}]}
	            user_module: "Mutant-D-Cross","Section_diphate","Phase-d-Elpan","Pan-d:chormosis","Morsis_crontain","Crontain: crack_on" : crack:on{[D-files: Files-F: Major" Major-d: Trifles{ 
							
							Trifles{[potential,pos-ags, pos-var,post-cad,pos-ps,pos-elemt,pos-alchemy,pos-variants]
							
							   After-variation: variation{mutatte-pan-on-gon/pn-nq-/flash-pt-{mmnm},nnmt},nn4}
								 SEp-sepr{{inter-interval: interfold: audacity-cityplay{city-player,city-dragger,dragger-env,smile-ath,Trance:
								 
								 
								 Env:Sector{social:social{geo-geo-oath: retraces: "TRESPASSING"}}
								 PASSING{"PROPERTIES"} To-Include- GEneral: element: element-s: <constant>-[Qrt-Ls-nm]
								 Sort-Furnication{Furnicatio-stat-stat-c: common: commn-d-Lm{Lm-Q{factual-P:/Nm/nmqt-lmp-rs}}}
								 
								 
								 
								 
								 }}}
							
							
							
							}
							
							
							
							}]}
Cron

Pnpm-directives

#Yaml.inductives

@MemoryRegister
.dependabot["trial/error"][

frequency.def(){
--mkdir calculations.md
os_shift  = change_to["IOS",'Windows','Linux']

IOS.options = change_log[->crowd_fund]{"Title + Price: wallet?"} 
sustenance = 0
}
ground_clearance
						{
					int input: {crowd_val: "
								if(people_in_room>2)
										count(sustenance)+
											"}
						deliberate_file: scroll.more():
						grokk_truncation : cloak_variable;
						AI's_numbered: int(input("No : of Literal_affluneces"))
						consonant_ numbered = 'B'?1|0
						#Total_number of influencers acquited a change in your life.
						.count-sustenance-Dr.doc/-preview
						.set-intervals-[io/grade/PGA] 

						change-log["on-arrival","self-depictions"] || if AI's_numbered = token++{

																use-count-sustenance.reviews{current_chat}
																OPTIONS "DELETE_CURRENT_CHAT" , "KEEP_CURRENT_CHAT"
																SECTION:USAGE{[TS.<MD_REVIEW>]}
																MD_CLASH : CX-QUOTIENT
																QUOTIENT-DIVISION : SEPERATE {IN 0 : <DIRECT-C/CLASH/COMMON2>}
																
																
						
						}@ChatBot:UI:Integration(){
								prompt = Input{[TEXT_AREA]}
								spaces= (.,"""."---")
                self.carraige{by_passate: substances_carriage[package-manager.deliverer]}
								self_structures. common<Error_log: <recollect_depictios: corrections:  <phosphate: inductions>,<Freshers Dear>>>
								c.common: Elf-Tribute => () : ["Dobby-socks-New-master"]\
								Harry: <Pier.-e-rated: coomon{[pi-R.Review.sp[aces{confusion,"Peak-root",Nodes_formulant,Nodes_gauge, Nodes_tether}]}>
								93/4: <Pillar: station: <Policy_inspection>>
								.QUOTIENT: TW: <CLASH_MOD: DKS-<SPEC:T-INTERVAL:MINI>>
								UKS-SET@AUDIO-INFERENCE: <VALVE:C-MOVE: CONTEXT:AUDIO,INPUT , TRANSFORMA@B>
								MASK_SET:INFO: INFO-GUIDANCE:PR: REGULAR-DR{REGISTRATIONS}
								INTERVIEW:SET-BOT: BOT-PS: AI-GEN
								
						}
						}

		@seperate_phases: Di_coagulation : speculate
		@separte_interventions: <user_manual: directorate>
		@spaces_given : <Seperate:state["Specular-Seperate-modules"]>
    @Siphons_indicate: <Motion:driven> -> "paraphrases" : "maximum-surfaces" : "Spaces-driven"
		@Mass_depictions : <caution:state> [Jp-spring[TR.],[Uk],[US],[tethered_audio],[audio_frequency],[Frequency-Hertz],[Hertz-Distance],[Hertz-Seperation]]
		@Entity_Quotient : place-pool {[tether:$ : Svr-common : Common-Ds[State_UI],[UI_chrome],[Console_ps]]}
    @Fixed-rates: Minimum_wage:  Gas-d: <"Coil-coverage">? Ground_seat: Floor: <bead:dots>


/* -----------------------------
   PNPM EXECUTION WRAPPER
----------------------------- */

const { spawn } = require("child_process");

function runPNPM() {

  log("STARTING PNPM BUILD");

  const proc = spawn("pnpm", ["install"], {
    stdio: "inherit",
    shell: true
		increment: shell++
  });

  proc.on("close", (code) => {

    if (code === 0) {
      log("BUILD_SUCCESS");
    } else {
      log("BUILD_FAILED");
    }

  });
}

runPNPM();
