// types.ts
interface WalletConfig {
  new_self_wallet: {
    id: string;
    count(condition: { hp: number }): number;
  };
}

interface TransactionData {
  current_transaction?: string;
  Balance: {
    IO: number;
    KO: number;
    [key: string]: any;
  };
}

interface UserSpec {
  descriptions: string;
}

interface CacheData {
  derivatives: any[];
  xpr: any;
}

interface UPIPaymentTarget {
  uid: string;
  target: (upiId: string) => PaymentSlip;
}

interface PaymentSlip {
  id: string;
  timestamp: Date;
  amount: number;
  upiId: string;
  status: 'pending' | 'completed' | 'failed';
  transactionRef?: string;
}

// Main refactored code
export class PaymentProcessor {
  private logs: any[] = [];
  private cache: Map<string, any> = new Map();
  private myApiId: string = 'my-api-id';
  
  @pnpmlogs
  @logsridden
  @logsCached
  @logsRedirected
  async processSmsToWallet(
    problem: any,
    hp: number = 0
  ): Promise<void> {
    
    // .new_self_wallet.id.count(If hp = 0)
    const walletCount = hp === 0 ? 
      this.getNewSelfWalletCount() : 
      0;

    // <redact-notions> : <explain:spec-val> : <notices_infra>
    const redactedNotions = this.redactNotions({
      specVal: this.explainSpecVal(),
      noticesInfra: this.getNoticesInfra()
    });

    // modules[my-condo]
    const myCondoModules = this.loadModules('my-condo');

    // <rest-Awhile>: <Weapon_of_choice : pen> <strength: fire> <fire:cooks>
    await this.restAwhile({
      weaponOfChoice: 'pen',
      strength: 'fire',
      fire: 'cooks'
    });

    // <Inspect-Cauldron> <SEE-what's cooking> <Place-Node-modules> 
    // <Space-Interrims> <Sum:space: intellectuals>
    this.inspectCauldron();
    this.seeWhatsCooking();
    this.placeNodeModules();
    this.spaceInterrims();
    this.sumSpaceIntellectuals();

    // <tokenx-changexs-por-pov: pov-d><pov-cache-x-gene-xsvw>
    const tokenExchange = this.tokenExchange({
      pov: 'pov-d',
      povCache: 'x-gene-xsvw'
    });

    // Replies.constant$: "Total":
    const repliesConstant = this.getRepliesConstant();

    // If: Replies.constant$ > 1M: Check-tokenid-matches
    if (repliesConstant > 1000000) {
      this.checkTokenIdMatches();
    }

    // Continue: User-spec:descriptions self
    const userSpecDescriptions = await this.getUserSpecDescriptions();

    // Verbatim: Interview: ON <throat-moves, registered and recorded>
    this.verbatimInterview({
      throatMoves: true,
      registered: true,
      recorded: true
    });

    // c = int(input("How much You can Donate: $ : ")
    const donationAmount = await this.getDonationAmount();
    
    // input("UPI-Id","Pay-pal","Stripe")
    const paymentMethod = await this.getPaymentMethod();

    // UPI- id. target = payment.slip -<my api -id : uid.target("7025854864")>
    if (paymentMethod.type === 'UPI-ID') {
      // Create UPI payment target with my API ID
      const upiTarget: UPIPaymentTarget = {
        uid: this.myApiId,
        target: (upiId: string) => this.generatePaymentSlip(upiId, donationAmount)
      };

      // Target the specific UPI ID
      const paymentSlip = upiTarget.target("7025854864");
      
      // Store payment slip in cache
      this.cache.set('current_payment_slip', paymentSlip);

      // Case processing with UPI
      const upiData = await this.processUPIPayment({
        receiverUpiId: "7025854864",
        paymentSlip: paymentSlip,
        specifics: paymentMethod.specifics,
        data: 'DATA',
        currentTransaction: paymentMethod.currentTransaction,
        amount: donationAmount
      });

      // DB:scan.Balance{[IO,KO,int("input")]}
      const balance = this.scanBalance({
        IO: upiData.IO,
        KO: upiData.KO,
        input: donationAmount,
        paymentSlipId: paymentSlip.id
      });

      // Update payment slip status
      paymentSlip.status = 'completed';
      paymentSlip.transactionRef = `TXN${Date.now()}`;

      // Use-set-revies.common
      this.useSetReviesCommon({
        placeVal: `direct_int:$${donationAmount}`,
        paymentSlip: paymentSlip
      });

      // Log payment confirmation
      console.log(`Payment completed via UPI: ${paymentSlip.upiId}`, {
        transactionRef: paymentSlip.transactionRef,
        amount: paymentSlip.amount,
        timestamp: paymentSlip.timestamp
      });
    }

    // Db-scan.move: -cache-x-derivatives
    const cacheDerivatives = await this.scanMoveCacheDerivatives({
      urPayTime: {
        pay: process.env.FREE_PRS
      },
      paymentSlip: this.cache.get('current_payment_slip')
    });

    // User-set: const-Dw: PH: <D.O><Cos - t>
    this.userSetConstDw({
      pH: {
        dO: 'D.O',
        cos: 't'
      }
    });

    // user:pace: const-Hw- <Hd:common.8k-4k-UHD,"Resolutions",cache<xpr>>
    this.userPaceConstHw({
      hd: {
        common: '8k-4k-UHD',
        resolutions: 'Resolutions',
        cache: this.cache.get('xpr')
      }
    });

    // -anthropic-moves: cache-data-on
    await this.anthropicMoves({
      ACCESS_GPAY: 'copy"input-UPI-Id"',
      paste: [donationAmount],
      paymentSlip: this.cache.get('current_payment_slip')
    });

    // Space:constant: <LQ-cross/Y-dimminit{"display"}>
    this.spaceConstant({
      lqCross: 'LQ-cross',
      yDimminit: { 
        display: true,
        paymentSlip: this.cache.get('current_payment_slip')
      }
    });

    // user-pay: j-pspring.intergrades
    const userPay = await this.userPayJpspringIntergrades({
      jsonDonate: {
        urPay: {
          percent: this.getAlimonySpeculation(),
          paymentSlip: this.cache.get('current_payment_slip')
        }
      }
    });

    // If_wallet_cab: Load [and-use: (user-spaces: Specular)]
    if (this.walletCab) {
      await this.loadAndUseWalletCab({
        userSpaces: 'Specular',
        paymentSlip: this.cache.get('current_payment_slip')
      });
    }

    // User-Getaways: <"New:Phone-Screens-[Track and Usage: new-interfaces: [new-]]">
    this.userGetaways({
      newPhoneScreens: {
        track: true,
        usage: true,
        newInterfaces: ['new'],
        paymentSlip: this.cache.get('current_payment_slip')
      }
    });
  }

  private generatePaymentSlip(upiId: string, amount: number): PaymentSlip {
    return {
      id: `SLIP${Date.now()}${Math.random().toString(36).substr(2, 9)}`,
      timestamp: new Date(),
      amount: amount,
      upiId: upiId,
      status: 'pending'
    };
  }

  private getNewSelfWalletCount(): number {
    return 0; // Implementation
  }

  private redactNotions(params: any): any {
    return params;
  }

  private explainSpecVal(): string {
    return 'spec-val';
  }

  private getNoticesInfra(): any {
    return {};
  }

  private loadModules(moduleName: string): any[] {
    return [];
  }

  private async restAwhile(config: any): Promise<void> {
    // Implementation
  }

  private inspectCauldron(): void {
    // Implementation
  }

  private seeWhatsCooking(): void {
    // Implementation
  }

  private placeNodeModules(): void {
    // Implementation
  }

  private spaceInterrims(): void {
    // Implementation
  }

  private sumSpaceIntellectuals(): void {
    // Implementation
  }

  private tokenExchange(config: any): any {
    return config;
  }

  private getRepliesConstant(): number {
    return 0;
  }

  private checkTokenIdMatches(): boolean {
    return true;
  }

  private async getUserSpecDescriptions(): Promise<UserSpec> {
    return { descriptions: 'self' };
  }

  private verbatimInterview(config: any): void {
    console.log('Interview ON:', config);
  }

  private async getDonationAmount(): Promise<number> {
    return 100; // Default amount for demo
  }

  private async getPaymentMethod(): Promise<any> {
    return { 
      type: 'UPI-ID', 
      id: '7025854864', 
      specifics: {},
      currentTransaction: `TXN${Date.now()}`
    };
  }

  private async processUPIPayment(data: any): Promise<any> {
    // Simulate UPI payment processing
    console.log(`Processing UPI payment to ${data.receiverUpiId} for $${data.amount}`);
    return { 
      IO: data.amount * 0.9, 
      KO: data.amount * 0.1,
      paymentSlip: data.paymentSlip
    };
  }

  private scanBalance(data: any): any {
    return data;
  }

  private useSetReviesCommon(data: any): void {
    console.log('Setting common review:', data);
  }

  private async scanMoveCacheDerivatives(data: any): Promise<any> {
    return data;
  }

  private userSetConstDw(data: any): void {
    // Implementation
  }

  private userPaceConstHw(data: any): void {
    // Implementation
  }

  private async anthropicMoves(data: any): Promise<void> {
    console.log('Anthropic moves with payment:', data.paymentSlip);
  }

  private spaceConstant(data: any): void {
    // Implementation
  }

  private getAlimonySpeculation(): number[] {
    return [10, 20, 30]; // Percentage allocations
  }

  private async userPayJpspringIntergrades(data: any): Promise<any> {
    return data;
  }

  private get walletCab(): boolean {
    return true;
  }

  private async loadAndUseWalletCab(data: any): Promise<void> {
    console.log('Loading wallet cab with:', data.paymentSlip);
  }

  private userGetaways(data: any): void {
    console.log('User getaways:', data);
  }
}

// Decorators (simplified implementations)
function pnpmlogs(target: any, propertyKey: string, descriptor: PropertyDescriptor) {
  const original = descriptor.value;
  descriptor.value = function(...args: any[]) {
    console.log('pnpmlogs executed');
    return original.apply(this, args);
  };
  return descriptor;
}

function logsridden(target: any, propertyKey: string, descriptor: PropertyDescriptor) {
  return descriptor;
}

function logsCached(target: any, propertyKey: string, descriptor: PropertyDescriptor) {
  return descriptor;
}

function logsRedirected(target: any, propertyKey: string, descriptor: PropertyDescriptor) {
  return descriptor;
}
