@pnpmlogs
@logsridden
@logs-cached
@logs-redirected



[
     SMS to wallet: problem
                       .new_self_wallet.id.count(If hp = 0: 
        <redact-notions> : <explain:spec-val> : <notices_infra> - modules[my-condo]
         <rest-Awhile>: <Weapon_of_choice : pen> <strength: fire> <fire:cooks>
        <Inspect-Cauldron> <SEE-what's cooking> <Place-Node-modules> <Space-Interrims> <Sum:space: intellectuals>
        <tokenx-changexs-por-pov: pov-d><pov-cache-x-gene-xsvw>

           [

            Replies.constant$: "Total":
                       If: Replies.constant$ > 1M:
                                Check-tokenid-matches:
                                      Continue: User-spec:descriptions self
                       Verbatim: Interview: ON
                                   <throat-moves, registered and recorded>
                      c = int(input("How much You can Donate: $ : ")
                       input("UPI-Id","Pay-pal","Stripe") :  
                                          Case: UPI-ID : input("Receiver-UPI-id","Specifics,"DATA",current_transcation):
                                                  DB:scan.Balance{[IO,KO,int("input")]} -> Use-set-revies.common("Place-val": direct_int:$)
                      Db-scan. move: -cache-x-derivatives<Ur-PAY-Time: <pay.,.envs(Free-PRS)>>
                      User-set: const-Dw: PH: <D.O><Cos - t>
                      user:pace: const-Hw- <Hd:common.8k-4k-UHD,"Resolutions",cache<xpr>> 
                   
                       -anthropic-moves: cache-data-on{
                                     ACCESS_GPAY: copy"input-UPI-Id" : paste[c]
                       Space:constant: <LQ-cross/Y-dimminit{"display"}>


                 user-pay: j-pspring.intergrades[json-donate: Ur-pay["percent"-[.*alimony(-speculation)]]] - If_wallet_cab: Load
[and-use: (user-spaces: Specular)]

User-Getaways: <"New:Phone-Screens-[Track and Usage:  new-interfaces: [new-]]">


}
])

]
